
Microsoft Visual Studio Solution File, Format Version 12.00
# Visual Studio 15
VisualStudioVersion = 15.0.28307.852
MinimumVisualStudioVersion = 10.0.40219.1
Project("{FAE04EC0-301F-11D3-BF4B-00C04F79EFBC}") = "USMarketAssistant", "USMarketAssistant\USMarketAssistant.csproj", "{338A672E-7D3B-41B5-ACAC-840C3999560A}"
EndProject
Global
	GlobalSection(SolutionConfigurationPlatforms) = preSolution
		Debug|Any CPU = Debug|Any CPU
		Release|Any CPU = Release|Any CPU
	EndGlobalSection
	GlobalSection(ProjectConfigurationPlatforms) = postSolution
		{338A672E-7D3B-41B5-ACAC-840C3999560A}.Debug|Any CPU.ActiveCfg = Debug|Any CPU
		{338A672E-7D3B-41B5-ACAC-840C3999560A}.Debug|Any CPU.Build.0 = Debug|Any CPU
		{338A672E-7D3B-41B5-ACAC-840C3999560A}.Release|Any CPU.ActiveCfg = Release|Any CPU
		{338A672E-7D3B-41B5-ACAC-840C3999560A}.Release|Any CPU.Build.0 = Release|Any CPU
	EndGlobalSection
	GlobalSection(SolutionProperties) = preSolution
		HideSolutionNode = FALSE
	EndGlobalSection
	GlobalSection(ExtensibilityGlobals) = postSolution
		SolutionGuid = {938B061B-48A9-433F-866B-D8990B1D56CD}
	EndGlobalSection
EndGlobal
